<?xml version="1.0" encoding="utf-8"?>
<Project ToolsVersion="4.0" xmlns="http://schemas.microsoft.com/developer/msbuild/2003">
  <ItemGroup>
    <Filter Include="Code">
      <UniqueIdentifier>{a8c31914-fb10-4834-9aa3-1ea4ef713f15}</UniqueIdentifier>
    </Filter>
    <Filter Include="Licenses">
      <UniqueIdentifier>{3782d889-fd2f-404a-834c-a3f8b563a158}</UniqueIdentifier>
    </Filter>
    <Filter Include="Shaders">
      <UniqueIdentifier>{2e7b344b-1c3c-485c-822a-2cf05df1e8e0}</UniqueIdentifier>
    </Filter>
    <Filter Include="Shaders\Test1">
      <UniqueIdentifier>{a931e0dd-66f7-410b-ab9f-6083b94a95b8}</UniqueIdentifier>
    </Filter>
    <Filter Include="Code\Application">
      <UniqueIdentifier>{974263ea-a318-4468-a92c-9dca3edc3af6}</UniqueIdentifier>
    </Filter>
    <Filter Include="Code\PCH">
      <UniqueIdentifier>{d6a345f6-b3b8-4229-bfca-c25dc559ef3e}</UniqueIdentifier>
    </Filter>
    <Filter Include="Code\Vertex">
      <UniqueIdentifier>{ce33b62d-9bb8-41e2-bf69-6baa4508e81a}</UniqueIdentifier>
    </Filter>
  </ItemGroup>
  <ItemGroup>
    <ClCompile Include="Code\main.cpp">
      <Filter>Code</Filter>
    </ClCompile>
    <ClCompile Include="Code\Application.cpp">
      <Filter>Code\Application</Filter>
    </ClCompile>
    <ClCompile Include="Code\pch.cpp">
      <Filter>Code\PCH</Filter>
    </ClCompile>
    <ClCompile Include="Code\Vertex.cpp">
      <Filter>Code\Vertex</Filter>
    </ClCompile>
  </ItemGroup>
  <ItemGroup>
    <CustomBuild Include="..\Files\Shaders\Test1\shader.vert">
      <Filter>Shaders\Test1</Filter>
    </CustomBuild>
    <CustomBuild Include="..\Files\Shaders\Test1\shader.frag">
      <Filter>Shaders\Test1</Filter>
    </CustomBuild>
  </ItemGroup>
  <ItemGroup>
    <ClInclude Include="Code\Application.h">
      <Filter>Code\Application</Filter>
    </ClInclude>
    <ClInclude Include="Code\pch.h">
      <Filter>Code\PCH</Filter>
    </ClInclude>
    <ClInclude Include="Code\Vertex.h">
      <Filter>Code\Vertex</Filter>
    </ClInclude>
  </ItemGroup>
  <ItemGroup>
    <CopyFileToFolders Include="Include\GLFW\GLFW_LICENSE.txt">
      <Filter>Licenses</Filter>
    </CopyFileToFolders>
    <CopyFileToFolders Include="Include\STB\STB_LICENSE.txt">
      <Filter>Licenses</Filter>
    </CopyFileToFolders>
    <CopyFileToFolders Include="Lisenses\VULKAN_LICENSE.txt">
      <Filter>Licenses</Filter>
    </CopyFileToFolders>
    <CopyFileToFolders Include="Include\TinyObjLoader\TINY_OBJ_LOADER_LICENSE.txt">
      <Filter>Licenses</Filter>
    </CopyFileToFolders>
  </ItemGroup>
</Project>