<?xml version="1.0" encoding="utf-8"?>
<Project ToolsVersion="4.0" xmlns="http://schemas.microsoft.com/developer/msbuild/2003">
  <ItemGroup>
    <Filter Include="Code">
      <UniqueIdentifier>{a8c31914-fb10-4834-9aa3-1ea4ef713f15}</UniqueIdentifier>
    </Filter>
    <Filter Include="Licenses">
      <UniqueIdentifier>{3782d889-fd2f-404a-834c-a3f8b563a158}</UniqueIdentifier>
    </Filter>
    <Filter Include="Shaders">
      <UniqueIdentifier>{2e7b344b-1c3c-485c-822a-2cf05df1e8e0}</UniqueIdentifier>
    </Filter>
    <Filter Include="Shaders\Test1">
      <UniqueIdentifier>{a931e0dd-66f7-410b-ab9f-6083b94a95b8}</UniqueIdentifier>
    </Filter>
    <Filter Include="Code\PCH">
      <UniqueIdentifier>{d6a345f6-b3b8-4229-bfca-c25dc559ef3e}</UniqueIdentifier>
    </Filter>
    <Filter Include="Shaders\SimpleTriangle">
      <UniqueIdentifier>{959075a7-423f-4981-867e-a3e8e8c67a3e}</UniqueIdentifier>
    </Filter>
    <Filter Include="Shaders\ComputeParticle">
      <UniqueIdentifier>{31816d26-6749-4915-aab0-222955784c51}</UniqueIdentifier>
    </Filter>
    <Filter Include="Code\Frozen">
      <UniqueIdentifier>{5915db6a-67d8-41ae-8f2a-d04192cef6dd}</UniqueIdentifier>
    </Filter>
    <Filter Include="Code\Frozen\VulkanTutorial %28 C-Style %29">
      <UniqueIdentifier>{e53365c4-4c9c-4dfa-bd86-22f7098aa075}</UniqueIdentifier>
    </Filter>
    <Filter Include="Code\Frozen\YouTube %28 C-Style %29">
      <UniqueIdentifier>{048dc7eb-1700-4e94-81c4-6ab1e19e887a}</UniqueIdentifier>
    </Filter>
    <Filter Include="Code\Frozen\DocsVulkanTutorial %28 VKHpp %29">
      <UniqueIdentifier>{4ec5f2b4-1574-4079-9363-c31dd693fe47}</UniqueIdentifier>
    </Filter>
    <Filter Include="Code\Frozen\DocsVulkanTutorial %28 VKHpp %29\Application">
      <UniqueIdentifier>{974263ea-a318-4468-a92c-9dca3edc3af6}</UniqueIdentifier>
    </Filter>
    <Filter Include="Code\Frozen\DocsVulkanTutorial %28 VKHpp %29\Vertex">
      <UniqueIdentifier>{ce33b62d-9bb8-41e2-bf69-6baa4508e81a}</UniqueIdentifier>
    </Filter>
    <Filter Include="Code\Main">
      <UniqueIdentifier>{466aa911-9bb2-47e6-ae0a-225e25ad3bbc}</UniqueIdentifier>
    </Filter>
    <Filter Include="Code\Main\Application">
      <UniqueIdentifier>{836a0a30-9348-41c9-a04b-a6aca8cf1ef6}</UniqueIdentifier>
    </Filter>
    <Filter Include="Code\Main\Window">
      <UniqueIdentifier>{51a7cc6f-03e4-455c-9809-b524611b6d0d}</UniqueIdentifier>
    </Filter>
    <Filter Include="Code\Main\PathManager">
      <UniqueIdentifier>{7c13b5fe-c12e-49eb-b2a0-5dadebc89abc}</UniqueIdentifier>
    </Filter>
    <Filter Include="Code\Main\Utilities">
      <UniqueIdentifier>{67fddd86-fd5b-4625-82a6-2c12c7cc123c}</UniqueIdentifier>
    </Filter>
    <Filter Include="Code\Main\Vertices">
      <UniqueIdentifier>{fb9b6eaf-9dfd-4183-9b1e-12713803a861}</UniqueIdentifier>
    </Filter>
    <Filter Include="Code\Frozen\Backend %28 VKHpp, doesn%27t work %29">
      <UniqueIdentifier>{2f28b22e-a8e4-4e99-9143-5bcbb8cf7fe9}</UniqueIdentifier>
    </Filter>
    <Filter Include="Code\Frozen\Backend %28 VKHpp, doesn%27t work %29\Image">
      <UniqueIdentifier>{d09a197c-1f44-4082-a5af-b19574fa07a7}</UniqueIdentifier>
    </Filter>
    <Filter Include="Code\Frozen\Backend %28 VKHpp, doesn%27t work %29\DeviceManager">
      <UniqueIdentifier>{af1bc74a-246e-4225-a02b-ead718999293}</UniqueIdentifier>
    </Filter>
    <Filter Include="Code\Frozen\Backend %28 VKHpp, doesn%27t work %29\FrameData %28 doesn%27t used %29">
      <UniqueIdentifier>{9e2e7472-21a7-44e8-8b09-46973aa9533c}</UniqueIdentifier>
    </Filter>
    <Filter Include="Code\Frozen\Backend %28 VKHpp, doesn%27t work %29\GPUResourceManager">
      <UniqueIdentifier>{0133c47b-3640-4739-9115-d6c592dc1c41}</UniqueIdentifier>
    </Filter>
    <Filter Include="Code\Frozen\Backend %28 VKHpp, doesn%27t work %29\PipelineManager">
      <UniqueIdentifier>{d42366bb-f880-40da-be60-95ddd40d81b9}</UniqueIdentifier>
    </Filter>
    <Filter Include="Code\Frozen\Backend %28 VKHpp, doesn%27t work %29\QueueFamilyIndices">
      <UniqueIdentifier>{eef72dc6-5400-4d5a-9640-4459bc1affcb}</UniqueIdentifier>
    </Filter>
    <Filter Include="Code\Frozen\Backend %28 VKHpp, doesn%27t work %29\Renderer">
      <UniqueIdentifier>{1f27b419-8897-4fa3-b42f-4ce79fda260d}</UniqueIdentifier>
    </Filter>
    <Filter Include="Code\Frozen\Backend %28 VKHpp, doesn%27t work %29\RenderPassManager">
      <UniqueIdentifier>{7ade2b9b-cb15-4478-b2df-9d79534bad10}</UniqueIdentifier>
    </Filter>
    <Filter Include="Code\Frozen\Backend %28 VKHpp, doesn%27t work %29\SwapchainManager">
      <UniqueIdentifier>{b9268c87-dd8c-4c4b-9f1b-bfff276cecf6}</UniqueIdentifier>
    </Filter>
    <Filter Include="Code\Frozen\Backend %28 C-Style, works very well %29">
      <UniqueIdentifier>{777b3468-ec79-4dbc-8778-7749d1e79179}</UniqueIdentifier>
    </Filter>
    <Filter Include="Code\Frozen\Backend %28 C-Style, works very well %29\DeivceManager">
      <UniqueIdentifier>{575ca845-b375-4daa-8711-8ccbb6b7dbbe}</UniqueIdentifier>
    </Filter>
    <Filter Include="Code\Frozen\Backend %28 C-Style, works very well %29\QueueFamilyIndices">
      <UniqueIdentifier>{f7d48b91-e1c1-4bcf-bde3-5f021e4a82ba}</UniqueIdentifier>
    </Filter>
    <Filter Include="Code\Frozen\Backend %28 C-Style, works very well %29\Renderer">
      <UniqueIdentifier>{6ba5a9e4-fe60-463e-ac69-3d1d21a03c99}</UniqueIdentifier>
    </Filter>
    <Filter Include="Code\Frozen\Backend %28 C-Style, works very well %29\SwapchainManager">
      <UniqueIdentifier>{cbd45094-ff55-489c-919c-f4be675bd665}</UniqueIdentifier>
    </Filter>
    <Filter Include="Code\Frozen\Backend %28 C-Style, works very well %29\RenderPassManager">
      <UniqueIdentifier>{4efa2307-16ad-4432-8a59-157ffae7964d}</UniqueIdentifier>
    </Filter>
    <Filter Include="Code\Frozen\Backend %28 C-Style, works very well %29\PipelineManager">
      <UniqueIdentifier>{9f4f2b4f-26fe-4f13-8f30-11abc83c76b1}</UniqueIdentifier>
    </Filter>
    <Filter Include="Code\Frozen\Backend %28 C-Style, works very well %29\GameObjects">
      <UniqueIdentifier>{3cea17d0-b2ba-4252-a299-583c0f799ed3}</UniqueIdentifier>
    </Filter>
    <Filter Include="Code\Frozen\Backend %28 C-Style, works very well %29\RenderMesh">
      <UniqueIdentifier>{10abfafd-9aff-4445-b4f5-3847fd908600}</UniqueIdentifier>
    </Filter>
    <Filter Include="Code\ImGui">
      <UniqueIdentifier>{5461b9f4-b7af-4966-8d2b-56d09f104aff}</UniqueIdentifier>
    </Filter>
    <Filter Include="Code\Main\Resources">
      <UniqueIdentifier>{2568e453-d90e-4af0-84f9-7fd7f8b8b43d}</UniqueIdentifier>
    </Filter>
    <Filter Include="Code\Main\Context">
      <UniqueIdentifier>{fb524cdb-cbb2-46e1-a85c-99ad38594e96}</UniqueIdentifier>
    </Filter>
    <Filter Include="Code\Frozen\OneFile Renderer %28 C-Style %29">
      <UniqueIdentifier>{c1745bba-b13b-468d-b5ca-b3ac2aff7544}</UniqueIdentifier>
    </Filter>
    <Filter Include="Code\Main\Swapchain">
      <UniqueIdentifier>{bf263e19-89c6-41d8-84c6-04e799fe7cf5}</UniqueIdentifier>
    </Filter>
    <Filter Include="Code\Main\Utilities\Commands">
      <UniqueIdentifier>{4c99c4bf-17f2-4fbc-acd6-c7f0e041353b}</UniqueIdentifier>
    </Filter>
    <Filter Include="Code\Main\Utilities\Barriers">
      <UniqueIdentifier>{32ab972f-3ff0-4cbd-9640-e08e1d13a37c}</UniqueIdentifier>
    </Filter>
    <Filter Include="Code\Main\RtBase">
      <UniqueIdentifier>{e5387d76-da04-464c-8c64-6cd4a41cd2e2}</UniqueIdentifier>
    </Filter>
    <Filter Include="Code\Main\ResourceAllocator">
      <UniqueIdentifier>{5beb4d9b-154f-4173-ac89-f0501dd8c2d9}</UniqueIdentifier>
    </Filter>
    <Filter Include="Code\Main\Semaphore">
      <UniqueIdentifier>{edb801e9-1b05-427f-9d23-dbeeed9d613a}</UniqueIdentifier>
    </Filter>
    <Filter Include="Code\Main\Staging">
      <UniqueIdentifier>{cddd7839-3da1-4ed9-9c1d-54c4e1706902}</UniqueIdentifier>
    </Filter>
    <Filter Include="Code\Main\SamplerPool">
      <UniqueIdentifier>{6bb82691-464d-4a8e-a231-7f61f498c1bb}</UniqueIdentifier>
    </Filter>
    <Filter Include="Code\Main\GBuffer">
      <UniqueIdentifier>{1e00bd8d-40b9-4d9a-8d4c-ab1f864b89e3}</UniqueIdentifier>
    </Filter>
    <Filter Include="Code\Main\Slang">
      <UniqueIdentifier>{a38d939d-999f-4351-91b2-fbd99dea527f}</UniqueIdentifier>
    </Filter>
    <Filter Include="Code\Main\Utilities\Hash">
      <UniqueIdentifier>{73ebf20d-a426-42bd-b9ac-63c1e3ff2ce5}</UniqueIdentifier>
    </Filter>
    <Filter Include="Code\Main\Utilities\Spirv">
      <UniqueIdentifier>{5eef1a36-d3a8-4d9b-abb4-9f9f9b1500cc}</UniqueIdentifier>
    </Filter>
    <Filter Include="Code\Main\Utilities\FileOperations">
      <UniqueIdentifier>{cbe49f5b-6cec-481f-8b66-481694d8defe}</UniqueIdentifier>
    </Filter>
    <Filter Include="Code\Main\Camera">
      <UniqueIdentifier>{fcd00770-3b69-4d18-80c5-f733c32a8da7}</UniqueIdentifier>
    </Filter>
    <Filter Include="Code\Main\Pipeline">
      <UniqueIdentifier>{09aaf0cb-92be-476b-ba44-91dc5da375c3}</UniqueIdentifier>
    </Filter>
    <Filter Include="Code\Main\Descriptors">
      <UniqueIdentifier>{504932c2-cbed-4f0b-b78a-659591cd7172}</UniqueIdentifier>
    </Filter>
    <Filter Include="Code\Main\Utilities\BoundingBox">
      <UniqueIdentifier>{2ee82d2d-6525-4aac-bff5-6d44ad41ca82}</UniqueIdentifier>
    </Filter>
    <Filter Include="Code\Main\Utilities\Primitives">
      <UniqueIdentifier>{dc6caa54-a182-4715-b16f-649e6ccb79e0}</UniqueIdentifier>
    </Filter>
    <Filter Include="Code\Main\Utilities\Slang">
      <UniqueIdentifier>{9c78bc7b-f16c-4cd7-8561-b053b97d2cb5}</UniqueIdentifier>
    </Filter>
    <Filter Include="Code\Main\Utilities\GLTF_utils">
      <UniqueIdentifier>{438453db-9910-4bb8-b692-7577a2cae3e3}</UniqueIdentifier>
    </Filter>
    <Filter Include="Code\Main\Sky">
      <UniqueIdentifier>{d7597af4-2477-43e3-966b-b8577e88184c}</UniqueIdentifier>
    </Filter>
    <Filter Include="Code\Main\io.h.slang">
      <UniqueIdentifier>{34fbb114-b3ab-431c-b80a-b44afdc52456}</UniqueIdentifier>
    </Filter>
    <Filter Include="Code\Main\Tonemapper">
      <UniqueIdentifier>{f820f88f-a34b-420d-a298-f2559552a12c}</UniqueIdentifier>
    </Filter>
    <Filter Include="Code\Main\Timers">
      <UniqueIdentifier>{7a3dbaf8-7eee-4137-bdf4-d6f2d129b704}</UniqueIdentifier>
    </Filter>
    <Filter Include="Code\Main\Utilities\Formats">
      <UniqueIdentifier>{8161c91c-fb37-4d51-8a0d-cb81193e23fd}</UniqueIdentifier>
    </Filter>
    <Filter Include="Code\Main\Utilities\Utils %28 tutorial %29">
      <UniqueIdentifier>{21313cb1-f50b-4878-8ba0-3e28dfc46804}</UniqueIdentifier>
    </Filter>
  </ItemGroup>
  <ItemGroup>
    <ClCompile Include="Code\pch.cpp">
      <Filter>Code\PCH</Filter>
    </ClCompile>
    <ClCompile Include="Code\main.cpp">
      <Filter>Code\Main</Filter>
    </ClCompile>
    <ClCompile Include="Code\Application.cpp">
      <Filter>Code\Main\Application</Filter>
    </ClCompile>
    <ClCompile Include="Code\Window.cpp">
      <Filter>Code\Main\Window</Filter>
    </ClCompile>
    <ClCompile Include="Code\PathManager.cpp">
      <Filter>Code\Main\PathManager</Filter>
    </ClCompile>
    <ClCompile Include="Code\Vertices.cpp">
      <Filter>Code\Main\Vertices</Filter>
    </ClCompile>
    <ClCompile Include="Code\resources.cpp">
      <Filter>Code\Main\Resources</Filter>
    </ClCompile>
    <ClCompile Include="Code\Context.cpp">
      <Filter>Code\Main\Context</Filter>
    </ClCompile>
    <ClCompile Include="Code\Swapchain.cpp">
      <Filter>Code\Main\Swapchain</Filter>
    </ClCompile>
    <ClCompile Include="Code\Commands.cpp">
      <Filter>Code\Main\Utilities\Commands</Filter>
    </ClCompile>
    <ClCompile Include="Code\barriers.cpp">
      <Filter>Code\Main\Utilities\Barriers</Filter>
    </ClCompile>
    <ClCompile Include="Code\resource_allocator.cpp">
      <Filter>Code\Main\ResourceAllocator</Filter>
    </ClCompile>
    <ClCompile Include="Code\semaphore.cpp">
      <Filter>Code\Main\Semaphore</Filter>
    </ClCompile>
    <ClCompile Include="Code\staging.cpp">
      <Filter>Code\Main\Staging</Filter>
    </ClCompile>
    <ClCompile Include="Code\sampler_pool.cpp">
      <Filter>Code\Main\SamplerPool</Filter>
    </ClCompile>
    <ClCompile Include="Code\gbuffers.cpp">
      <Filter>Code\Main\GBuffer</Filter>
    </ClCompile>
    <ClCompile Include="Code\slang.cpp">
      <Filter>Code\Main\Slang</Filter>
    </ClCompile>
    <ClCompile Include="Code\spirv.cpp">
      <Filter>Code\Main\Utilities\Spirv</Filter>
    </ClCompile>
    <ClCompile Include="Code\file_operations.cpp">
      <Filter>Code\Main\Utilities\FileOperations</Filter>
    </ClCompile>
    <ClCompile Include="Code\camera_manipulator.cpp">
      <Filter>Code\Main\Camera</Filter>
    </ClCompile>
    <ClCompile Include="Code\graphics_pipeline.cpp">
      <Filter>Code\Main\Pipeline</Filter>
    </ClCompile>
    <ClCompile Include="Code\descriptors.cpp">
      <Filter>Code\Main\Descriptors</Filter>
    </ClCompile>
    <ClCompile Include="Code\gltf_utils.cpp">
      <Filter>Code\Main\Utilities\GLTF_utils</Filter>
    </ClCompile>
    <ClCompile Include="Code\primitives.cpp">
      <Filter>Code\Main\Utilities\Primitives</Filter>
    </ClCompile>
    <ClCompile Include="Code\RtBase.cpp">
      <Filter>Code\Main\RtBase</Filter>
    </ClCompile>
    <ClCompile Include="Code\sky.cpp">
      <Filter>Code\Main\Sky</Filter>
    </ClCompile>
    <ClCompile Include="Code\tonemapper.cpp">
      <Filter>Code\Main\Tonemapper</Filter>
    </ClCompile>
    <ClCompile Include="Code\timers.cpp">
      <Filter>Code\Main\Timers</Filter>
    </ClCompile>
    <ClCompile Include="Code\formats.cpp">
      <Filter>Code\Main\Utilities\Formats</Filter>
    </ClCompile>
    <ClCompile Include="Code\utils.cpp">
      <Filter>Code\Main\Utilities\Utils %28 tutorial %29</Filter>
    </ClCompile>
  </ItemGroup>
  <ItemGroup>
    <CustomBuild Include="..\Files\Shaders\Test1\shader.vert">
      <Filter>Shaders\Test1</Filter>
    </CustomBuild>
    <CustomBuild Include="..\Files\Shaders\Test1\shader.frag">
      <Filter>Shaders\Test1</Filter>
    </CustomBuild>
    <CustomBuild Include="..\Files\Shaders\SimpleTriangle\shader.vert">
      <Filter>Shaders\SimpleTriangle</Filter>
    </CustomBuild>
    <CustomBuild Include="..\Files\Shaders\SimpleTriangle\shader.frag">
      <Filter>Shaders\SimpleTriangle</Filter>
    </CustomBuild>
    <CustomBuild Include="..\Files\Shaders\ComputeParticle\ComputeParticle.comp">
      <Filter>Shaders\ComputeParticle</Filter>
    </CustomBuild>
  </ItemGroup>
  <ItemGroup>
    <ClInclude Include="Code\pch.h">
      <Filter>Code\PCH</Filter>
    </ClInclude>
    <ClInclude Include="Code\Application.hpp">
      <Filter>Code\Main\Application</Filter>
    </ClInclude>
    <ClInclude Include="Code\Window.hpp">
      <Filter>Code\Main\Window</Filter>
    </ClInclude>
    <ClInclude Include="Code\PathManager.hpp">
      <Filter>Code\Main\PathManager</Filter>
    </ClInclude>
    <ClInclude Include="Code\utilities.hpp">
      <Filter>Code\Main\Utilities</Filter>
    </ClInclude>
    <ClInclude Include="Code\traits.hpp">
      <Filter>Code\Main\Utilities</Filter>
    </ClInclude>
    <ClInclude Include="Code\Vertices.hpp">
      <Filter>Code\Main\Vertices</Filter>
    </ClInclude>
    <ClInclude Include="Code\resources.hpp">
      <Filter>Code\Main\Resources</Filter>
    </ClInclude>
    <ClInclude Include="Code\Context.hpp">
      <Filter>Code\Main\Context</Filter>
    </ClInclude>
    <ClInclude Include="Code\Swapchain.hpp">
      <Filter>Code\Main\Swapchain</Filter>
    </ClInclude>
    <ClInclude Include="Code\Commands.hpp">
      <Filter>Code\Main\Utilities\Commands</Filter>
    </ClInclude>
    <ClInclude Include="Code\barriers.hpp">
      <Filter>Code\Main\Utilities\Barriers</Filter>
    </ClInclude>
    <ClInclude Include="Code\RtBase.hpp">
      <Filter>Code\Main\RtBase</Filter>
    </ClInclude>
    <ClInclude Include="Code\resource_allocator.hpp">
      <Filter>Code\Main\ResourceAllocator</Filter>
    </ClInclude>
    <ClInclude Include="Code\semaphore.hpp">
      <Filter>Code\Main\Semaphore</Filter>
    </ClInclude>
    <ClInclude Include="Code\staging.hpp">
      <Filter>Code\Main\Staging</Filter>
    </ClInclude>
    <ClInclude Include="Code\sampler_pool.hpp">
      <Filter>Code\Main\SamplerPool</Filter>
    </ClInclude>
    <ClInclude Include="Code\hash_combine.hpp">
      <Filter>Code\Main\Utilities\Hash</Filter>
    </ClInclude>
    <ClInclude Include="Code\hash_operations.hpp">
      <Filter>Code\Main\Utilities\Hash</Filter>
    </ClInclude>
    <ClInclude Include="Code\gbuffers.hpp">
      <Filter>Code\Main\GBuffer</Filter>
    </ClInclude>
    <ClInclude Include="Code\slang.hpp">
      <Filter>Code\Main\Slang</Filter>
    </ClInclude>
    <ClInclude Include="Code\spirv.hpp">
      <Filter>Code\Main\Utilities\Spirv</Filter>
    </ClInclude>
    <ClInclude Include="Code\file_operations.hpp">
      <Filter>Code\Main\Utilities\FileOperations</Filter>
    </ClInclude>
    <ClInclude Include="Code\camera_manipulator.hpp">
      <Filter>Code\Main\Camera</Filter>
    </ClInclude>
    <ClInclude Include="Code\graphics_pipeline.hpp">
      <Filter>Code\Main\Pipeline</Filter>
    </ClInclude>
    <ClInclude Include="Code\descriptors.hpp">
      <Filter>Code\Main\Descriptors</Filter>
    </ClInclude>
    <ClInclude Include="Code\gltf_utils.hpp">
      <Filter>Code\Main\Utilities\GLTF_utils</Filter>
    </ClInclude>
    <ClInclude Include="Code\bounding_box.hpp">
      <Filter>Code\Main\Utilities\BoundingBox</Filter>
    </ClInclude>
    <ClInclude Include="Code\primitives.hpp">
      <Filter>Code\Main\Utilities\Primitives</Filter>
    </ClInclude>
    <ClInclude Include="Code\slang_types.h">
      <Filter>Code\Main\Utilities\Slang</Filter>
    </ClInclude>
    <ClInclude Include="Code\sky.hpp">
      <Filter>Code\Main\Sky</Filter>
    </ClInclude>
    <ClInclude Include="Code\io_gltf.h">
      <Filter>Code\Main\Utilities</Filter>
    </ClInclude>
    <ClInclude Include="Code\tonemapper.hpp">
      <Filter>Code\Main\Tonemapper</Filter>
    </ClInclude>
    <ClInclude Include="Code\timers.hpp">
      <Filter>Code\Main\Timers</Filter>
    </ClInclude>
    <ClInclude Include="Code\compute_pipeline.hpp">
      <Filter>Code\Main\Utilities</Filter>
    </ClInclude>
    <ClInclude Include="Code\formats.hpp">
      <Filter>Code\Main\Utilities\Formats</Filter>
    </ClInclude>
    <ClInclude Include="Code\utils.hpp">
      <Filter>Code\Main\Utilities\Utils %28 tutorial %29</Filter>
    </ClInclude>
    <ClInclude Include="Code\default_structs.hpp">
      <Filter>Code\Main\Utilities</Filter>
    </ClInclude>
    <ClInclude Include="Code\shaderio.h">
      <Filter>Code\Main\io.h.slang</Filter>
    </ClInclude>
  </ItemGroup>
  <ItemGroup>
    <CopyFileToFolders Include="Lisenses\VULKAN_LICENSE.txt">
      <Filter>Licenses</Filter>
    </CopyFileToFolders>
    <CopyFileToFolders Include="Lisenses\GLFW_LICENSE.txt">
      <Filter>Licenses</Filter>
    </CopyFileToFolders>
    <CopyFileToFolders Include="Lisenses\STB_LICENSE.txt">
      <Filter>Licenses</Filter>
    </CopyFileToFolders>
    <CopyFileToFolders Include="Lisenses\TINY_OBJ_LOADER_LICENSE.txt">
      <Filter>Licenses</Filter>
    </CopyFileToFolders>
    <CopyFileToFolders Include="Lisenses\TinyGLTF_LICENSE.txt">
      <Filter>Licenses</Filter>
    </CopyFileToFolders>
    <CopyFileToFolders Include="Lisenses\KTX-Software_LICENSE.md">
      <Filter>Licenses</Filter>
    </CopyFileToFolders>
    <CopyFileToFolders Include="Lisenses\NVIDIA_LICENSE">
      <Filter>Licenses</Filter>
    </CopyFileToFolders>
  </ItemGroup>
  <ItemGroup>
    <None Include="Code\VertexHpp.h">
      <Filter>Code\Frozen\DocsVulkanTutorial %28 VKHpp %29\Vertex</Filter>
    </None>
    <None Include="Code\VertexHpp.cpp">
      <Filter>Code\Frozen\DocsVulkanTutorial %28 VKHpp %29\Vertex</Filter>
    </None>
    <None Include="Code\ApplicationHpp.h">
      <Filter>Code\Frozen\DocsVulkanTutorial %28 VKHpp %29\Application</Filter>
    </None>
    <None Include="Code\ApplicationHpp.cpp">
      <Filter>Code\Frozen\DocsVulkanTutorial %28 VKHpp %29\Application</Filter>
    </None>
    <None Include="Code\VkHpp_SwapchainManager.h">
      <Filter>Code\Frozen\Backend %28 VKHpp, doesn%27t work %29\SwapchainManager</Filter>
    </None>
    <None Include="Code\VkHpp_SwapchainManager.cpp">
      <Filter>Code\Frozen\Backend %28 VKHpp, doesn%27t work %29\SwapchainManager</Filter>
    </None>
    <None Include="Code\VkHpp_RenderPassManager.h">
      <Filter>Code\Frozen\Backend %28 VKHpp, doesn%27t work %29\RenderPassManager</Filter>
    </None>
    <None Include="Code\VkHpp_RenderPassManager.cpp">
      <Filter>Code\Frozen\Backend %28 VKHpp, doesn%27t work %29\RenderPassManager</Filter>
    </None>
    <None Include="Code\VkHpp_Renderer.h">
      <Filter>Code\Frozen\Backend %28 VKHpp, doesn%27t work %29\Renderer</Filter>
    </None>
    <None Include="Code\VkHpp_Renderer.cpp">
      <Filter>Code\Frozen\Backend %28 VKHpp, doesn%27t work %29\Renderer</Filter>
    </None>
    <None Include="Code\VkHpp_QueueFamilyIndices.h">
      <Filter>Code\Frozen\Backend %28 VKHpp, doesn%27t work %29\QueueFamilyIndices</Filter>
    </None>
    <None Include="Code\VkHpp_QueueFamilyIndices.cpp">
      <Filter>Code\Frozen\Backend %28 VKHpp, doesn%27t work %29\QueueFamilyIndices</Filter>
    </None>
    <None Include="Code\VkHpp_PipelineManager.h">
      <Filter>Code\Frozen\Backend %28 VKHpp, doesn%27t work %29\PipelineManager</Filter>
    </None>
    <None Include="Code\VkHpp_PipelineManager.cpp">
      <Filter>Code\Frozen\Backend %28 VKHpp, doesn%27t work %29\PipelineManager</Filter>
    </None>
    <None Include="Code\VkHpp_Image.h">
      <Filter>Code\Frozen\Backend %28 VKHpp, doesn%27t work %29\Image</Filter>
    </None>
    <None Include="Code\VkHpp_Image.cpp">
      <Filter>Code\Frozen\Backend %28 VKHpp, doesn%27t work %29\Image</Filter>
    </None>
    <None Include="Code\VkHpp_GPUResourceManager.h">
      <Filter>Code\Frozen\Backend %28 VKHpp, doesn%27t work %29\GPUResourceManager</Filter>
    </None>
    <None Include="Code\VkHpp_GPUResourceManager.cpp">
      <Filter>Code\Frozen\Backend %28 VKHpp, doesn%27t work %29\GPUResourceManager</Filter>
    </None>
    <None Include="Code\VkHpp_FrameData.h">
      <Filter>Code\Frozen\Backend %28 VKHpp, doesn%27t work %29\FrameData %28 doesn%27t used %29</Filter>
    </None>
    <None Include="Code\VkHpp_FrameData.cpp">
      <Filter>Code\Frozen\Backend %28 VKHpp, doesn%27t work %29\FrameData %28 doesn%27t used %29</Filter>
    </None>
    <None Include="Code\VkHpp_DeviceManager.h">
      <Filter>Code\Frozen\Backend %28 VKHpp, doesn%27t work %29\DeviceManager</Filter>
    </None>
    <None Include="Code\VkHpp_DeviceManager.cpp">
      <Filter>Code\Frozen\Backend %28 VKHpp, doesn%27t work %29\DeviceManager</Filter>
    </None>
    <None Include="Code\vulkan_tutorial_main.cpp">
      <Filter>Code\Frozen\VulkanTutorial %28 C-Style %29</Filter>
    </None>
    <None Include="Code\main_old.cpp">
      <Filter>Code\Frozen\YouTube %28 C-Style %29</Filter>
    </None>
    <None Include="Code\VKTest_DeviceManager.cpp">
      <Filter>Code\Frozen\Backend %28 C-Style, works very well %29\DeivceManager</Filter>
    </None>
    <None Include="Code\VKTest_DeviceManager.h">
      <Filter>Code\Frozen\Backend %28 C-Style, works very well %29\DeivceManager</Filter>
    </None>
    <None Include="Code\VKTest_GameObjects.cpp">
      <Filter>Code\Frozen\Backend %28 C-Style, works very well %29\GameObjects</Filter>
    </None>
    <None Include="Code\VKTest_GameObjects.h">
      <Filter>Code\Frozen\Backend %28 C-Style, works very well %29\GameObjects</Filter>
    </None>
    <None Include="Code\VKTest_PipelineManager.cpp">
      <Filter>Code\Frozen\Backend %28 C-Style, works very well %29\PipelineManager</Filter>
    </None>
    <None Include="Code\VKTest_PipelineManager.h">
      <Filter>Code\Frozen\Backend %28 C-Style, works very well %29\PipelineManager</Filter>
    </None>
    <None Include="Code\VKTest_QueueFamilyIndices.cpp">
      <Filter>Code\Frozen\Backend %28 C-Style, works very well %29\QueueFamilyIndices</Filter>
    </None>
    <None Include="Code\VKTest_QueueFamilyIndices.h">
      <Filter>Code\Frozen\Backend %28 C-Style, works very well %29\QueueFamilyIndices</Filter>
    </None>
    <None Include="Code\VKTest_Renderer.cpp">
      <Filter>Code\Frozen\Backend %28 C-Style, works very well %29\Renderer</Filter>
    </None>
    <None Include="Code\VKTest_Renderer.h">
      <Filter>Code\Frozen\Backend %28 C-Style, works very well %29\Renderer</Filter>
    </None>
    <None Include="Code\VKTest_RenderMesh.cpp">
      <Filter>Code\Frozen\Backend %28 C-Style, works very well %29\RenderMesh</Filter>
    </None>
    <None Include="Code\VKTest_RenderMesh.h">
      <Filter>Code\Frozen\Backend %28 C-Style, works very well %29\RenderMesh</Filter>
    </None>
    <None Include="Code\VKTest_RenderPassManager.cpp">
      <Filter>Code\Frozen\Backend %28 C-Style, works very well %29\RenderPassManager</Filter>
    </None>
    <None Include="Code\VKTest_RenderPassManager.h">
      <Filter>Code\Frozen\Backend %28 C-Style, works very well %29\RenderPassManager</Filter>
    </None>
    <None Include="Code\VKTest_SwapchainManager.cpp">
      <Filter>Code\Frozen\Backend %28 C-Style, works very well %29\SwapchainManager</Filter>
    </None>
    <None Include="Code\VKTest_SwapchainManager.h">
      <Filter>Code\Frozen\Backend %28 C-Style, works very well %29\SwapchainManager</Filter>
    </None>
    <None Include="Code\Renderer.hpp">
      <Filter>Code\Frozen\OneFile Renderer %28 C-Style %29</Filter>
    </None>
    <None Include="Code\Renderer.cpp">
      <Filter>Code\Frozen\OneFile Renderer %28 C-Style %29</Filter>
    </None>
    <None Include="Code\sky_io.h.slang">
      <Filter>Code\Main\io.h.slang</Filter>
    </None>
    <None Include="Code\tonemap_io.h.slang">
      <Filter>Code\Main\io.h.slang</Filter>
    </None>
    <None Include="Code\tonemap_functions.h.slang">
      <Filter>Code\Main\io.h.slang</Filter>
    </None>
  </ItemGroup>
</Project>